
Microsoft Visual Studio Solution File, Format Version 12.00
# Visual Studio Version 17
VisualStudioVersion = 17.12.35527.113
MinimumVisualStudioVersion = 10.0.40219.1
Project("{8BC9CEB8-8B4A-11D0-8D11-00A0C91BC942}") = "classical_100", "classical_100.vcxproj", "{B95B43B8-B83A-44F7-A283-0614C926AB0C}"
EndProject
Project("{8BC9CEB8-8B4A-11D0-8D11-00A0C91BC942}") = "插入区间", "..\插入区间\插入区间.vcxproj", "{B42D56D2-1B06-4039-88B7-E901DA3CB861}"
EndProject
Global
	GlobalSection(SolutionConfigurationPlatforms) = preSolution
		Debug|Any CPU = Debug|Any CPU
		Debug|x64 = Debug|x64
		Debug|x86 = Debug|x86
		Release|Any CPU = Release|Any CPU
		Release|x64 = Release|x64
		Release|x86 = Release|x86
	EndGlobalSection
	GlobalSection(ProjectConfigurationPlatforms) = postSolution
		{B95B43B8-B83A-44F7-A283-0614C926AB0C}.Debug|Any CPU.ActiveCfg = Debug|x64
		{B95B43B8-B83A-44F7-A283-0614C926AB0C}.Debug|Any CPU.Build.0 = Debug|x64
		{B95B43B8-B83A-44F7-A283-0614C926AB0C}.Debug|x64.ActiveCfg = Debug|x64
		{B95B43B8-B83A-44F7-A283-0614C926AB0C}.Debug|x64.Build.0 = Debug|x64
		{B95B43B8-B83A-44F7-A283-0614C926AB0C}.Debug|x86.ActiveCfg = Debug|Win32
		{B95B43B8-B83A-44F7-A283-0614C926AB0C}.Debug|x86.Build.0 = Debug|Win32
		{B95B43B8-B83A-44F7-A283-0614C926AB0C}.Release|Any CPU.ActiveCfg = Release|x64
		{B95B43B8-B83A-44F7-A283-0614C926AB0C}.Release|Any CPU.Build.0 = Release|x64
		{B95B43B8-B83A-44F7-A283-0614C926AB0C}.Release|x64.ActiveCfg = Release|x64
		{B95B43B8-B83A-44F7-A283-0614C926AB0C}.Release|x64.Build.0 = Release|x64
		{B95B43B8-B83A-44F7-A283-0614C926AB0C}.Release|x86.ActiveCfg = Release|Win32
		{B95B43B8-B83A-44F7-A283-0614C926AB0C}.Release|x86.Build.0 = Release|Win32
		{B42D56D2-1B06-4039-88B7-E901DA3CB861}.Debug|Any CPU.ActiveCfg = Debug|x64
		{B42D56D2-1B06-4039-88B7-E901DA3CB861}.Debug|Any CPU.Build.0 = Debug|x64
		{B42D56D2-1B06-4039-88B7-E901DA3CB861}.Debug|x64.ActiveCfg = Debug|x64
		{B42D56D2-1B06-4039-88B7-E901DA3CB861}.Debug|x64.Build.0 = Debug|x64
		{B42D56D2-1B06-4039-88B7-E901DA3CB861}.Debug|x86.ActiveCfg = Debug|Win32
		{B42D56D2-1B06-4039-88B7-E901DA3CB861}.Debug|x86.Build.0 = Debug|Win32
		{B42D56D2-1B06-4039-88B7-E901DA3CB861}.Release|Any CPU.ActiveCfg = Release|x64
		{B42D56D2-1B06-4039-88B7-E901DA3CB861}.Release|Any CPU.Build.0 = Release|x64
		{B42D56D2-1B06-4039-88B7-E901DA3CB861}.Release|x64.ActiveCfg = Release|x64
		{B42D56D2-1B06-4039-88B7-E901DA3CB861}.Release|x64.Build.0 = Release|x64
		{B42D56D2-1B06-4039-88B7-E901DA3CB861}.Release|x86.ActiveCfg = Release|Win32
		{B42D56D2-1B06-4039-88B7-E901DA3CB861}.Release|x86.Build.0 = Release|Win32
	EndGlobalSection
	GlobalSection(SolutionProperties) = preSolution
		HideSolutionNode = FALSE
	EndGlobalSection
EndGlobal
